// !$*UTF8*$!
{
	archiveVersion = 1;
	classes = {
	};
	objectVersion = 51;
	objects = {

/* Begin PBXBuildFile section */
		5894D6FA286CBF73EE535EFF /* Pods_NotesList.framework in Frameworks */ = {isa = PBXBuildFile; fileRef = FFC47C158A697C40665BF4FD /* Pods_NotesList.framework */; };
		A878B4DF26C3B93500BD74B0 /* AppDelegate.swift in Sources */ = {isa = PBXBuildFile; fileRef = A878B4DE26C3B93500BD74B0 /* AppDelegate.swift */; };
		A878B4E126C3B93500BD74B0 /* SceneDelegate.swift in Sources */ = {isa = PBXBuildFile; fileRef = A878B4E026C3B93500BD74B0 /* SceneDelegate.swift */; };
		A878B4E626C3B93500BD74B0 /* Main.storyboard in Resources */ = {isa = PBXBuildFile; fileRef = A878B4E426C3B93500BD74B0 /* Main.storyboard */; };
		A878B4E826C3B93600BD74B0 /* Assets.xcassets in Resources */ = {isa = PBXBuildFile; fileRef = A878B4E726C3B93600BD74B0 /* Assets.xcassets */; };
		A878B4EB26C3B93600BD74B0 /* LaunchScreen.storyboard in Resources */ = {isa = PBXBuildFile; fileRef = A878B4E926C3B93600BD74B0 /* LaunchScreen.storyboard */; };
		A878B4F426C3BFE300BD74B0 /* GoogleService-Info.plist in Resources */ = {isa = PBXBuildFile; fileRef = A878B4F326C3BFE200BD74B0 /* GoogleService-Info.plist */; };
		A878B4FB26C3C38300BD74B0 /* BaseCoordinator.swift in Sources */ = {isa = PBXBuildFile; fileRef = A878B4FA26C3C38300BD74B0 /* BaseCoordinator.swift */; };
		A878B4FE26C3C39E00BD74B0 /* Coordinator.swift in Sources */ = {isa = PBXBuildFile; fileRef = A878B4FD26C3C39E00BD74B0 /* Coordinator.swift */; };
		A878B50026C3C3AB00BD74B0 /* Presentable.swift in Sources */ = {isa = PBXBuildFile; fileRef = A878B4FF26C3C3AB00BD74B0 /* Presentable.swift */; };
		A878B50226C3C3C100BD74B0 /* StoryboardLoadable.swift in Sources */ = {isa = PBXBuildFile; fileRef = A878B50126C3C3C100BD74B0 /* StoryboardLoadable.swift */; };
		A878B50526C3C3E900BD74B0 /* Router.swift in Sources */ = {isa = PBXBuildFile; fileRef = A878B50426C3C3E900BD74B0 /* Router.swift */; };
		A878B50726C3C3F600BD74B0 /* RouterImp.swift in Sources */ = {isa = PBXBuildFile; fileRef = A878B50626C3C3F600BD74B0 /* RouterImp.swift */; };
		A878B50A26C3C42F00BD74B0 /* ApplicationCoordinator.swift in Sources */ = {isa = PBXBuildFile; fileRef = A878B50926C3C42F00BD74B0 /* ApplicationCoordinator.swift */; };
		A878B50C26C3C44E00BD74B0 /* ApplicationCoordinatorAssembly.swift in Sources */ = {isa = PBXBuildFile; fileRef = A878B50B26C3C44E00BD74B0 /* ApplicationCoordinatorAssembly.swift */; };
		A878B51026C3C47300BD74B0 /* MainCoordinator.swift in Sources */ = {isa = PBXBuildFile; fileRef = A878B50F26C3C47300BD74B0 /* MainCoordinator.swift */; };
		A878B51226C3C48700BD74B0 /* MainCoordinatorAssembly.swift in Sources */ = {isa = PBXBuildFile; fileRef = A878B51126C3C48700BD74B0 /* MainCoordinatorAssembly.swift */; };
		A878B51726C3C55D00BD74B0 /* Extensions+String.swift in Sources */ = {isa = PBXBuildFile; fileRef = A878B51626C3C55D00BD74B0 /* Extensions+String.swift */; };
		A878B51D26C3C61B00BD74B0 /* Localizable.strings in Resources */ = {isa = PBXBuildFile; fileRef = A878B51F26C3C61B00BD74B0 /* Localizable.strings */; };
		A878B52826C3C7A100BD74B0 /* RegistrationViewController.swift in Sources */ = {isa = PBXBuildFile; fileRef = A878B52726C3C7A100BD74B0 /* RegistrationViewController.swift */; };
		A878B52A26C3C7B000BD74B0 /* RegistrationViewController.storyboard in Resources */ = {isa = PBXBuildFile; fileRef = A878B52926C3C7B000BD74B0 /* RegistrationViewController.storyboard */; };
		A878B52C26C3C7C900BD74B0 /* RegistrationAssemblyContainer.swift in Sources */ = {isa = PBXBuildFile; fileRef = A878B52B26C3C7C900BD74B0 /* RegistrationAssemblyContainer.swift */; };
		A878B52E26C3C7DF00BD74B0 /* RegistrationViewModel.swift in Sources */ = {isa = PBXBuildFile; fileRef = A878B52D26C3C7DF00BD74B0 /* RegistrationViewModel.swift */; };
		A878B53026C3C7EA00BD74B0 /* RegistrationViewModelImp.swift in Sources */ = {isa = PBXBuildFile; fileRef = A878B52F26C3C7EA00BD74B0 /* RegistrationViewModelImp.swift */; };
		A878B53226C3C83500BD74B0 /* RegistrationViewModelOutput.swift in Sources */ = {isa = PBXBuildFile; fileRef = A878B53126C3C83500BD74B0 /* RegistrationViewModelOutput.swift */; };
		A878B53526C3D7EB00BD74B0 /* UIButton.swift in Sources */ = {isa = PBXBuildFile; fileRef = A878B53426C3D7EB00BD74B0 /* UIButton.swift */; };
		A878B53926C3DA0B00BD74B0 /* ValidatorServiceImp.swift in Sources */ = {isa = PBXBuildFile; fileRef = A878B53826C3DA0B00BD74B0 /* ValidatorServiceImp.swift */; };
		A878B53B26C3DA1600BD74B0 /* ValidatorService.swift in Sources */ = {isa = PBXBuildFile; fileRef = A878B53A26C3DA1600BD74B0 /* ValidatorService.swift */; };
		A878B53D26C3DAB700BD74B0 /* ValidationError.swift in Sources */ = {isa = PBXBuildFile; fileRef = A878B53C26C3DAB700BD74B0 /* ValidationError.swift */; };
		A878B53F26C3DBD300BD74B0 /* Extension+UITextField.swift in Sources */ = {isa = PBXBuildFile; fileRef = A878B53E26C3DBD300BD74B0 /* Extension+UITextField.swift */; };
		A878B54126C3DD1100BD74B0 /* UserRegistrationData.swift in Sources */ = {isa = PBXBuildFile; fileRef = A878B54026C3DD1100BD74B0 /* UserRegistrationData.swift */; };
		A878B54326C3DD5100BD74B0 /* Extension+UIViewController.swift in Sources */ = {isa = PBXBuildFile; fileRef = A878B54226C3DD5100BD74B0 /* Extension+UIViewController.swift */; };
		A878B54626C3DFFD00BD74B0 /* RegistrationService.swift in Sources */ = {isa = PBXBuildFile; fileRef = A878B54526C3DFFD00BD74B0 /* RegistrationService.swift */; };
		A878B54826C3E00500BD74B0 /* RegistrationServiceImp.swift in Sources */ = {isa = PBXBuildFile; fileRef = A878B54726C3E00500BD74B0 /* RegistrationServiceImp.swift */; };
		A878B54A26C3E02F00BD74B0 /* RegistrationServiceAssemblyContainer.swift in Sources */ = {isa = PBXBuildFile; fileRef = A878B54926C3E02F00BD74B0 /* RegistrationServiceAssemblyContainer.swift */; };
		A878B54C26C4012500BD74B0 /* ValidatorType.swift in Sources */ = {isa = PBXBuildFile; fileRef = A878B54B26C4012500BD74B0 /* ValidatorType.swift */; };
		A878B55626C402B000BD74B0 /* LoginViewController.storyboard in Resources */ = {isa = PBXBuildFile; fileRef = A878B55526C402B000BD74B0 /* LoginViewController.storyboard */; };
		A878B55826C402BD00BD74B0 /* LoginViewController.swift in Sources */ = {isa = PBXBuildFile; fileRef = A878B55726C402BD00BD74B0 /* LoginViewController.swift */; };
		A878B55A26C4031D00BD74B0 /* LoginAssemblyContainer.swift in Sources */ = {isa = PBXBuildFile; fileRef = A878B55926C4031D00BD74B0 /* LoginAssemblyContainer.swift */; };
		A878B55C26C4036900BD74B0 /* LoginViewModelOutput.swift in Sources */ = {isa = PBXBuildFile; fileRef = A878B55B26C4036900BD74B0 /* LoginViewModelOutput.swift */; };
		A878B55E26C4039100BD74B0 /* LoginViewModel.swift in Sources */ = {isa = PBXBuildFile; fileRef = A878B55D26C4039100BD74B0 /* LoginViewModel.swift */; };
		A878B56026C4039900BD74B0 /* LoginViewModelImp.swift in Sources */ = {isa = PBXBuildFile; fileRef = A878B55F26C4039900BD74B0 /* LoginViewModelImp.swift */; };
		A878B56326C40AFA00BD74B0 /* LoginService.swift in Sources */ = {isa = PBXBuildFile; fileRef = A878B56226C40AFA00BD74B0 /* LoginService.swift */; };
		A878B56526C40B0500BD74B0 /* LoginServiceImp.swift in Sources */ = {isa = PBXBuildFile; fileRef = A878B56426C40B0500BD74B0 /* LoginServiceImp.swift */; };
		A878B56726C40B1E00BD74B0 /* LoginServiceAssemblyContainer.swift in Sources */ = {isa = PBXBuildFile; fileRef = A878B56626C40B1E00BD74B0 /* LoginServiceAssemblyContainer.swift */; };
		A878B56A26C41BFD00BD74B0 /* UserDefaultsHelper.swift in Sources */ = {isa = PBXBuildFile; fileRef = A878B56926C41BFD00BD74B0 /* UserDefaultsHelper.swift */; };
		A878B56E26C41CC900BD74B0 /* UserKeys.swift in Sources */ = {isa = PBXBuildFile; fileRef = A878B56D26C41CC900BD74B0 /* UserKeys.swift */; };
/* End PBXBuildFile section */

/* Begin PBXFileReference section */
		5A20D131CFECB5184B34D91D /* Pods-NotesList.debug.xcconfig */ = {isa = PBXFileReference; includeInIndex = 1; lastKnownFileType = text.xcconfig; name = "Pods-NotesList.debug.xcconfig"; path = "Target Support Files/Pods-NotesList/Pods-NotesList.debug.xcconfig"; sourceTree = "<group>"; };
		A878B4DB26C3B93500BD74B0 /* NotesList.app */ = {isa = PBXFileReference; explicitFileType = wrapper.application; includeInIndex = 0; path = NotesList.app; sourceTree = BUILT_PRODUCTS_DIR; };
		A878B4DE26C3B93500BD74B0 /* AppDelegate.swift */ = {isa = PBXFileReference; lastKnownFileType = sourcecode.swift; path = AppDelegate.swift; sourceTree = "<group>"; };
		A878B4E026C3B93500BD74B0 /* SceneDelegate.swift */ = {isa = PBXFileReference; lastKnownFileType = sourcecode.swift; path = SceneDelegate.swift; sourceTree = "<group>"; };
		A878B4E526C3B93500BD74B0 /* Base */ = {isa = PBXFileReference; lastKnownFileType = file.storyboard; name = Base; path = Base.lproj/Main.storyboard; sourceTree = "<group>"; };
		A878B4E726C3B93600BD74B0 /* Assets.xcassets */ = {isa = PBXFileReference; lastKnownFileType = folder.assetcatalog; path = Assets.xcassets; sourceTree = "<group>"; };
		A878B4EA26C3B93600BD74B0 /* Base */ = {isa = PBXFileReference; lastKnownFileType = file.storyboard; name = Base; path = Base.lproj/LaunchScreen.storyboard; sourceTree = "<group>"; };
		A878B4EC26C3B93600BD74B0 /* Info.plist */ = {isa = PBXFileReference; lastKnownFileType = text.plist.xml; path = Info.plist; sourceTree = "<group>"; };
		A878B4F326C3BFE200BD74B0 /* GoogleService-Info.plist */ = {isa = PBXFileReference; fileEncoding = 4; lastKnownFileType = text.plist.xml; path = "GoogleService-Info.plist"; sourceTree = "<group>"; };
		A878B4FA26C3C38300BD74B0 /* BaseCoordinator.swift */ = {isa = PBXFileReference; lastKnownFileType = sourcecode.swift; path = BaseCoordinator.swift; sourceTree = "<group>"; };
		A878B4FD26C3C39E00BD74B0 /* Coordinator.swift */ = {isa = PBXFileReference; lastKnownFileType = sourcecode.swift; path = Coordinator.swift; sourceTree = "<group>"; };
		A878B4FF26C3C3AB00BD74B0 /* Presentable.swift */ = {isa = PBXFileReference; lastKnownFileType = sourcecode.swift; path = Presentable.swift; sourceTree = "<group>"; };
		A878B50126C3C3C100BD74B0 /* StoryboardLoadable.swift */ = {isa = PBXFileReference; lastKnownFileType = sourcecode.swift; path = StoryboardLoadable.swift; sourceTree = "<group>"; };
		A878B50426C3C3E900BD74B0 /* Router.swift */ = {isa = PBXFileReference; lastKnownFileType = sourcecode.swift; path = Router.swift; sourceTree = "<group>"; };
		A878B50626C3C3F600BD74B0 /* RouterImp.swift */ = {isa = PBXFileReference; lastKnownFileType = sourcecode.swift; path = RouterImp.swift; sourceTree = "<group>"; };
		A878B50926C3C42F00BD74B0 /* ApplicationCoordinator.swift */ = {isa = PBXFileReference; lastKnownFileType = sourcecode.swift; path = ApplicationCoordinator.swift; sourceTree = "<group>"; };
		A878B50B26C3C44E00BD74B0 /* ApplicationCoordinatorAssembly.swift */ = {isa = PBXFileReference; lastKnownFileType = sourcecode.swift; path = ApplicationCoordinatorAssembly.swift; sourceTree = "<group>"; };
		A878B50F26C3C47300BD74B0 /* MainCoordinator.swift */ = {isa = PBXFileReference; lastKnownFileType = sourcecode.swift; path = MainCoordinator.swift; sourceTree = "<group>"; };
		A878B51126C3C48700BD74B0 /* MainCoordinatorAssembly.swift */ = {isa = PBXFileReference; lastKnownFileType = sourcecode.swift; path = MainCoordinatorAssembly.swift; sourceTree = "<group>"; };
		A878B51626C3C55D00BD74B0 /* Extensions+String.swift */ = {isa = PBXFileReference; lastKnownFileType = sourcecode.swift; path = "Extensions+String.swift"; sourceTree = "<group>"; };
		A878B51826C3C57A00BD74B0 /* uk */ = {isa = PBXFileReference; lastKnownFileType = text.plist.strings; name = uk; path = uk.lproj/Main.strings; sourceTree = "<group>"; };
		A878B51926C3C57E00BD74B0 /* uk */ = {isa = PBXFileReference; lastKnownFileType = text.plist.strings; name = uk; path = uk.lproj/LaunchScreen.strings; sourceTree = "<group>"; };
		A878B51E26C3C61B00BD74B0 /* uk */ = {isa = PBXFileReference; lastKnownFileType = text.plist.strings; name = uk; path = uk.lproj/Localizable.strings; sourceTree = "<group>"; };
		A878B52026C3C61F00BD74B0 /* en */ = {isa = PBXFileReference; lastKnownFileType = text.plist.strings; name = en; path = en.lproj/Localizable.strings; sourceTree = "<group>"; };
		A878B52726C3C7A100BD74B0 /* RegistrationViewController.swift */ = {isa = PBXFileReference; lastKnownFileType = sourcecode.swift; path = RegistrationViewController.swift; sourceTree = "<group>"; };
		A878B52926C3C7B000BD74B0 /* RegistrationViewController.storyboard */ = {isa = PBXFileReference; lastKnownFileType = file.storyboard; path = RegistrationViewController.storyboard; sourceTree = "<group>"; };
		A878B52B26C3C7C900BD74B0 /* RegistrationAssemblyContainer.swift */ = {isa = PBXFileReference; lastKnownFileType = sourcecode.swift; path = RegistrationAssemblyContainer.swift; sourceTree = "<group>"; };
		A878B52D26C3C7DF00BD74B0 /* RegistrationViewModel.swift */ = {isa = PBXFileReference; lastKnownFileType = sourcecode.swift; path = RegistrationViewModel.swift; sourceTree = "<group>"; };
		A878B52F26C3C7EA00BD74B0 /* RegistrationViewModelImp.swift */ = {isa = PBXFileReference; lastKnownFileType = sourcecode.swift; path = RegistrationViewModelImp.swift; sourceTree = "<group>"; };
		A878B53126C3C83500BD74B0 /* RegistrationViewModelOutput.swift */ = {isa = PBXFileReference; lastKnownFileType = sourcecode.swift; path = RegistrationViewModelOutput.swift; sourceTree = "<group>"; };
		A878B53426C3D7EB00BD74B0 /* UIButton.swift */ = {isa = PBXFileReference; lastKnownFileType = sourcecode.swift; path = UIButton.swift; sourceTree = "<group>"; };
		A878B53826C3DA0B00BD74B0 /* ValidatorServiceImp.swift */ = {isa = PBXFileReference; lastKnownFileType = sourcecode.swift; path = ValidatorServiceImp.swift; sourceTree = "<group>"; };
		A878B53A26C3DA1600BD74B0 /* ValidatorService.swift */ = {isa = PBXFileReference; lastKnownFileType = sourcecode.swift; path = ValidatorService.swift; sourceTree = "<group>"; };
		A878B53C26C3DAB700BD74B0 /* ValidationError.swift */ = {isa = PBXFileReference; lastKnownFileType = sourcecode.swift; path = ValidationError.swift; sourceTree = "<group>"; };
		A878B53E26C3DBD300BD74B0 /* Extension+UITextField.swift */ = {isa = PBXFileReference; lastKnownFileType = sourcecode.swift; path = "Extension+UITextField.swift"; sourceTree = "<group>"; };
		A878B54026C3DD1100BD74B0 /* UserRegistrationData.swift */ = {isa = PBXFileReference; lastKnownFileType = sourcecode.swift; path = UserRegistrationData.swift; sourceTree = "<group>"; };
		A878B54226C3DD5100BD74B0 /* Extension+UIViewController.swift */ = {isa = PBXFileReference; lastKnownFileType = sourcecode.swift; path = "Extension+UIViewController.swift"; sourceTree = "<group>"; };
		A878B54526C3DFFD00BD74B0 /* RegistrationService.swift */ = {isa = PBXFileReference; lastKnownFileType = sourcecode.swift; path = RegistrationService.swift; sourceTree = "<group>"; };
		A878B54726C3E00500BD74B0 /* RegistrationServiceImp.swift */ = {isa = PBXFileReference; lastKnownFileType = sourcecode.swift; path = RegistrationServiceImp.swift; sourceTree = "<group>"; };
		A878B54926C3E02F00BD74B0 /* RegistrationServiceAssemblyContainer.swift */ = {isa = PBXFileReference; lastKnownFileType = sourcecode.swift; path = RegistrationServiceAssemblyContainer.swift; sourceTree = "<group>"; };
		A878B54B26C4012500BD74B0 /* ValidatorType.swift */ = {isa = PBXFileReference; lastKnownFileType = sourcecode.swift; path = ValidatorType.swift; sourceTree = "<group>"; };
		A878B55526C402B000BD74B0 /* LoginViewController.storyboard */ = {isa = PBXFileReference; lastKnownFileType = file.storyboard; path = LoginViewController.storyboard; sourceTree = "<group>"; };
		A878B55726C402BD00BD74B0 /* LoginViewController.swift */ = {isa = PBXFileReference; lastKnownFileType = sourcecode.swift; path = LoginViewController.swift; sourceTree = "<group>"; };
		A878B55926C4031D00BD74B0 /* LoginAssemblyContainer.swift */ = {isa = PBXFileReference; lastKnownFileType = sourcecode.swift; path = LoginAssemblyContainer.swift; sourceTree = "<group>"; };
		A878B55B26C4036900BD74B0 /* LoginViewModelOutput.swift */ = {isa = PBXFileReference; lastKnownFileType = sourcecode.swift; path = LoginViewModelOutput.swift; sourceTree = "<group>"; };
		A878B55D26C4039100BD74B0 /* LoginViewModel.swift */ = {isa = PBXFileReference; lastKnownFileType = sourcecode.swift; path = LoginViewModel.swift; sourceTree = "<group>"; };
		A878B55F26C4039900BD74B0 /* LoginViewModelImp.swift */ = {isa = PBXFileReference; lastKnownFileType = sourcecode.swift; path = LoginViewModelImp.swift; sourceTree = "<group>"; };
		A878B56226C40AFA00BD74B0 /* LoginService.swift */ = {isa = PBXFileReference; lastKnownFileType = sourcecode.swift; path = LoginService.swift; sourceTree = "<group>"; };
		A878B56426C40B0500BD74B0 /* LoginServiceImp.swift */ = {isa = PBXFileReference; lastKnownFileType = sourcecode.swift; path = LoginServiceImp.swift; sourceTree = "<group>"; };
		A878B56626C40B1E00BD74B0 /* LoginServiceAssemblyContainer.swift */ = {isa = PBXFileReference; lastKnownFileType = sourcecode.swift; path = LoginServiceAssemblyContainer.swift; sourceTree = "<group>"; };
		A878B56926C41BFD00BD74B0 /* UserDefaultsHelper.swift */ = {isa = PBXFileReference; lastKnownFileType = sourcecode.swift; path = UserDefaultsHelper.swift; sourceTree = "<group>"; };
		A878B56D26C41CC900BD74B0 /* UserKeys.swift */ = {isa = PBXFileReference; lastKnownFileType = sourcecode.swift; path = UserKeys.swift; sourceTree = "<group>"; };
		E93AFEBCAC21E4BAE1E82D62 /* Pods-NotesList.release.xcconfig */ = {isa = PBXFileReference; includeInIndex = 1; lastKnownFileType = text.xcconfig; name = "Pods-NotesList.release.xcconfig"; path = "Target Support Files/Pods-NotesList/Pods-NotesList.release.xcconfig"; sourceTree = "<group>"; };
		FFC47C158A697C40665BF4FD /* Pods_NotesList.framework */ = {isa = PBXFileReference; explicitFileType = wrapper.framework; includeInIndex = 0; path = Pods_NotesList.framework; sourceTree = BUILT_PRODUCTS_DIR; };
/* End PBXFileReference section */

/* Begin PBXFrameworksBuildPhase section */
		A878B4D826C3B93500BD74B0 /* Frameworks */ = {
			isa = PBXFrameworksBuildPhase;
			buildActionMask = 2147483647;
			files = (
				5894D6FA286CBF73EE535EFF /* Pods_NotesList.framework in Frameworks */,
			);
			runOnlyForDeploymentPostprocessing = 0;
		};
/* End PBXFrameworksBuildPhase section */

/* Begin PBXGroup section */
		3E05FEB7D5B257F04C65F3C7 /* Frameworks */ = {
			isa = PBXGroup;
			children = (
				FFC47C158A697C40665BF4FD /* Pods_NotesList.framework */,
			);
			name = Frameworks;
			sourceTree = "<group>";
		};
		A878B4D226C3B93500BD74B0 = {
			isa = PBXGroup;
			children = (
				A878B4DD26C3B93500BD74B0 /* NotesList */,
				A878B4DC26C3B93500BD74B0 /* Products */,
				EB9293B5EDA3620C0E6F3700 /* Pods */,
				3E05FEB7D5B257F04C65F3C7 /* Frameworks */,
			);
			sourceTree = "<group>";
		};
		A878B4DC26C3B93500BD74B0 /* Products */ = {
			isa = PBXGroup;
			children = (
				A878B4DB26C3B93500BD74B0 /* NotesList.app */,
			);
			name = Products;
			sourceTree = "<group>";
		};
		A878B4DD26C3B93500BD74B0 /* NotesList */ = {
			isa = PBXGroup;
			children = (
				A878B56826C41BF000BD74B0 /* Helpers */,
				A878B53626C3D9FB00BD74B0 /* Services */,
				A878B53326C3D7DC00BD74B0 /* Enums */,
				A878B51A26C3C5CA00BD74B0 /* Localization */,
				A878B51526C3C55200BD74B0 /* Extensions */,
				A878B50826C3C42400BD74B0 /* ApplicationCoordinator */,
				A878B50326C3C3E100BD74B0 /* Router */,
				A878B4FC26C3C39600BD74B0 /* Protocols */,
				A878B4F926C3C37300BD74B0 /* Coordinator */,
				A878B4F526C3C31600BD74B0 /* Application */,
				A878B50D26C3C45F00BD74B0 /* Modules */,
				A878B4F626C3C32600BD74B0 /* Storyboards */,
				A878B4E726C3B93600BD74B0 /* Assets.xcassets */,
				A878B4EC26C3B93600BD74B0 /* Info.plist */,
				A878B4F326C3BFE200BD74B0 /* GoogleService-Info.plist */,
			);
			path = NotesList;
			sourceTree = "<group>";
		};
		A878B4F526C3C31600BD74B0 /* Application */ = {
			isa = PBXGroup;
			children = (
				A878B4DE26C3B93500BD74B0 /* AppDelegate.swift */,
				A878B4E026C3B93500BD74B0 /* SceneDelegate.swift */,
			);
			path = Application;
			sourceTree = "<group>";
		};
		A878B4F626C3C32600BD74B0 /* Storyboards */ = {
			isa = PBXGroup;
			children = (
				A878B4E426C3B93500BD74B0 /* Main.storyboard */,
				A878B4E926C3B93600BD74B0 /* LaunchScreen.storyboard */,
			);
			path = Storyboards;
			sourceTree = "<group>";
		};
		A878B4F926C3C37300BD74B0 /* Coordinator */ = {
			isa = PBXGroup;
			children = (
				A878B4FA26C3C38300BD74B0 /* BaseCoordinator.swift */,
			);
			path = Coordinator;
			sourceTree = "<group>";
		};
		A878B4FC26C3C39600BD74B0 /* Protocols */ = {
			isa = PBXGroup;
			children = (
				A878B4FD26C3C39E00BD74B0 /* Coordinator.swift */,
				A878B4FF26C3C3AB00BD74B0 /* Presentable.swift */,
				A878B50126C3C3C100BD74B0 /* StoryboardLoadable.swift */,
			);
			path = Protocols;
			sourceTree = "<group>";
		};
		A878B50326C3C3E100BD74B0 /* Router */ = {
			isa = PBXGroup;
			children = (
				A878B50426C3C3E900BD74B0 /* Router.swift */,
				A878B50626C3C3F600BD74B0 /* RouterImp.swift */,
			);
			path = Router;
			sourceTree = "<group>";
		};
		A878B50826C3C42400BD74B0 /* ApplicationCoordinator */ = {
			isa = PBXGroup;
			children = (
				A878B50926C3C42F00BD74B0 /* ApplicationCoordinator.swift */,
				A878B50B26C3C44E00BD74B0 /* ApplicationCoordinatorAssembly.swift */,
			);
			path = ApplicationCoordinator;
			sourceTree = "<group>";
		};
		A878B50D26C3C45F00BD74B0 /* Modules */ = {
			isa = PBXGroup;
			children = (
				A878B51426C3C52000BD74B0 /* AuthFlow */,
				A878B51326C3C51900BD74B0 /* NotesFlow */,
				A878B50E26C3C46400BD74B0 /* MainCoordinator */,
			);
			path = Modules;
			sourceTree = "<group>";
		};
		A878B50E26C3C46400BD74B0 /* MainCoordinator */ = {
			isa = PBXGroup;
			children = (
				A878B50F26C3C47300BD74B0 /* MainCoordinator.swift */,
				A878B51126C3C48700BD74B0 /* MainCoordinatorAssembly.swift */,
			);
			path = MainCoordinator;
			sourceTree = "<group>";
		};
		A878B51326C3C51900BD74B0 /* NotesFlow */ = {
			isa = PBXGroup;
			children = (
			);
			path = NotesFlow;
			sourceTree = "<group>";
		};
		A878B51426C3C52000BD74B0 /* AuthFlow */ = {
			isa = PBXGroup;
			children = (
				A878B54D26C4020B00BD74B0 /* LoginModule */,
				A878B52126C3C75400BD74B0 /* RegistrationModule */,
			);
			path = AuthFlow;
			sourceTree = "<group>";
		};
		A878B51526C3C55200BD74B0 /* Extensions */ = {
			isa = PBXGroup;
			children = (
				A878B51626C3C55D00BD74B0 /* Extensions+String.swift */,
				A878B53E26C3DBD300BD74B0 /* Extension+UITextField.swift */,
				A878B54226C3DD5100BD74B0 /* Extension+UIViewController.swift */,
			);
			path = Extensions;
			sourceTree = "<group>";
		};
		A878B51A26C3C5CA00BD74B0 /* Localization */ = {
			isa = PBXGroup;
			children = (
				A878B51F26C3C61B00BD74B0 /* Localizable.strings */,
			);
			path = Localization;
			sourceTree = "<group>";
		};
		A878B52126C3C75400BD74B0 /* RegistrationModule */ = {
			isa = PBXGroup;
			children = (
				A878B52526C3C76C00BD74B0 /* Assembly */,
				A878B52426C3C76700BD74B0 /* ViewModel */,
				A878B52326C3C76400BD74B0 /* Model */,
				A878B52226C3C76100BD74B0 /* View */,
			);
			path = RegistrationModule;
			sourceTree = "<group>";
		};
		A878B52226C3C76100BD74B0 /* View */ = {
			isa = PBXGroup;
			children = (
				A878B52626C3C78100BD74B0 /* Storyboard */,
				A878B54F26C4023000BD74B0 /* Controller */,
			);
			path = View;
			sourceTree = "<group>";
		};
		A878B52326C3C76400BD74B0 /* Model */ = {
			isa = PBXGroup;
			children = (
				A878B54026C3DD1100BD74B0 /* UserRegistrationData.swift */,
			);
			path = Model;
			sourceTree = "<group>";
		};
		A878B52426C3C76700BD74B0 /* ViewModel */ = {
			isa = PBXGroup;
			children = (
				A878B52D26C3C7DF00BD74B0 /* RegistrationViewModel.swift */,
				A878B52F26C3C7EA00BD74B0 /* RegistrationViewModelImp.swift */,
				A878B53126C3C83500BD74B0 /* RegistrationViewModelOutput.swift */,
			);
			path = ViewModel;
			sourceTree = "<group>";
		};
		A878B52526C3C76C00BD74B0 /* Assembly */ = {
			isa = PBXGroup;
			children = (
				A878B52B26C3C7C900BD74B0 /* RegistrationAssemblyContainer.swift */,
			);
			path = Assembly;
			sourceTree = "<group>";
		};
		A878B52626C3C78100BD74B0 /* Storyboard */ = {
			isa = PBXGroup;
			children = (
				A878B52926C3C7B000BD74B0 /* RegistrationViewController.storyboard */,
			);
			path = Storyboard;
			sourceTree = "<group>";
		};
		A878B53326C3D7DC00BD74B0 /* Enums */ = {
			isa = PBXGroup;
			children = (
				A878B53426C3D7EB00BD74B0 /* UIButton.swift */,
				A878B53C26C3DAB700BD74B0 /* ValidationError.swift */,
				A878B54B26C4012500BD74B0 /* ValidatorType.swift */,
				A878B56D26C41CC900BD74B0 /* UserKeys.swift */,
			);
			path = Enums;
			sourceTree = "<group>";
		};
		A878B53626C3D9FB00BD74B0 /* Services */ = {
			isa = PBXGroup;
			children = (
				A878B56126C40AF000BD74B0 /* LoginService */,
				A878B54426C3DFE700BD74B0 /* RegistrationService */,
				A878B53726C3D9FF00BD74B0 /* ValidatorService */,
			);
			path = Services;
			sourceTree = "<group>";
		};
		A878B53726C3D9FF00BD74B0 /* ValidatorService */ = {
			isa = PBXGroup;
			children = (
				A878B53826C3DA0B00BD74B0 /* ValidatorServiceImp.swift */,
				A878B53A26C3DA1600BD74B0 /* ValidatorService.swift */,
			);
			path = ValidatorService;
			sourceTree = "<group>";
		};
		A878B54426C3DFE700BD74B0 /* RegistrationService */ = {
			isa = PBXGroup;
			children = (
				A878B54526C3DFFD00BD74B0 /* RegistrationService.swift */,
				A878B54726C3E00500BD74B0 /* RegistrationServiceImp.swift */,
				A878B54926C3E02F00BD74B0 /* RegistrationServiceAssemblyContainer.swift */,
			);
			path = RegistrationService;
			sourceTree = "<group>";
		};
		A878B54D26C4020B00BD74B0 /* LoginModule */ = {
			isa = PBXGroup;
			children = (
				A878B55226C4024000BD74B0 /* View */,
				A878B55126C4023D00BD74B0 /* Model */,
				A878B55026C4023800BD74B0 /* ViewModel */,
				A878B54E26C4021B00BD74B0 /* Assembly */,
			);
			path = LoginModule;
			sourceTree = "<group>";
		};
		A878B54E26C4021B00BD74B0 /* Assembly */ = {
			isa = PBXGroup;
			children = (
				A878B55926C4031D00BD74B0 /* LoginAssemblyContainer.swift */,
			);
			path = Assembly;
			sourceTree = "<group>";
		};
		A878B54F26C4023000BD74B0 /* Controller */ = {
			isa = PBXGroup;
			children = (
				A878B52726C3C7A100BD74B0 /* RegistrationViewController.swift */,
			);
			path = Controller;
			sourceTree = "<group>";
		};
		A878B55026C4023800BD74B0 /* ViewModel */ = {
			isa = PBXGroup;
			children = (
				A878B55B26C4036900BD74B0 /* LoginViewModelOutput.swift */,
				A878B55D26C4039100BD74B0 /* LoginViewModel.swift */,
				A878B55F26C4039900BD74B0 /* LoginViewModelImp.swift */,
			);
			path = ViewModel;
			sourceTree = "<group>";
		};
		A878B55126C4023D00BD74B0 /* Model */ = {
			isa = PBXGroup;
			children = (
			);
			path = Model;
			sourceTree = "<group>";
		};
		A878B55226C4024000BD74B0 /* View */ = {
			isa = PBXGroup;
			children = (
				A878B55426C4029600BD74B0 /* Controller */,
				A878B55326C4029100BD74B0 /* Storyboard */,
			);
			path = View;
			sourceTree = "<group>";
		};
		A878B55326C4029100BD74B0 /* Storyboard */ = {
			isa = PBXGroup;
			children = (
				A878B55526C402B000BD74B0 /* LoginViewController.storyboard */,
			);
			path = Storyboard;
			sourceTree = "<group>";
		};
		A878B55426C4029600BD74B0 /* Controller */ = {
			isa = PBXGroup;
			children = (
				A878B55726C402BD00BD74B0 /* LoginViewController.swift */,
			);
			path = Controller;
			sourceTree = "<group>";
		};
		A878B56126C40AF000BD74B0 /* LoginService */ = {
			isa = PBXGroup;
			children = (
				A878B56226C40AFA00BD74B0 /* LoginService.swift */,
				A878B56426C40B0500BD74B0 /* LoginServiceImp.swift */,
				A878B56626C40B1E00BD74B0 /* LoginServiceAssemblyContainer.swift */,
			);
			path = LoginService;
			sourceTree = "<group>";
		};
		A878B56826C41BF000BD74B0 /* Helpers */ = {
			isa = PBXGroup;
			children = (
				A878B56926C41BFD00BD74B0 /* UserDefaultsHelper.swift */,
			);
			path = Helpers;
			sourceTree = "<group>";
		};
		EB9293B5EDA3620C0E6F3700 /* Pods */ = {
			isa = PBXGroup;
			children = (
				5A20D131CFECB5184B34D91D /* Pods-NotesList.debug.xcconfig */,
				E93AFEBCAC21E4BAE1E82D62 /* Pods-NotesList.release.xcconfig */,
			);
			path = Pods;
			sourceTree = "<group>";
		};
/* End PBXGroup section */

/* Begin PBXNativeTarget section */
		A878B4DA26C3B93500BD74B0 /* NotesList */ = {
			isa = PBXNativeTarget;
			buildConfigurationList = A878B4EF26C3B93600BD74B0 /* Build configuration list for PBXNativeTarget "NotesList" */;
			buildPhases = (
				F60FD714B622C319E5643C0D /* [CP] Check Pods Manifest.lock */,
				A878B4D726C3B93500BD74B0 /* Sources */,
				A878B4D826C3B93500BD74B0 /* Frameworks */,
				A878B4D926C3B93500BD74B0 /* Resources */,
				A878B4F226C3BAE400BD74B0 /* ShellScript */,
				FF28523F341A7BEA8920B423 /* [CP] Embed Pods Frameworks */,
			);
			buildRules = (
			);
			dependencies = (
			);
			name = NotesList;
			productName = NotesList;
			productReference = A878B4DB26C3B93500BD74B0 /* NotesList.app */;
			productType = "com.apple.product-type.application";
		};
/* End PBXNativeTarget section */

/* Begin PBXProject section */
		A878B4D326C3B93500BD74B0 /* Project object */ = {
			isa = PBXProject;
			attributes = {
				LastSwiftUpdateCheck = 1250;
				LastUpgradeCheck = 1250;
				TargetAttributes = {
					A878B4DA26C3B93500BD74B0 = {
						CreatedOnToolsVersion = 12.5.1;
					};
				};
			};
			buildConfigurationList = A878B4D626C3B93500BD74B0 /* Build configuration list for PBXProject "NotesList" */;
			compatibilityVersion = "Xcode 9.3";
			developmentRegion = en;
			hasScannedForEncodings = 0;
			knownRegions = (
				en,
				Base,
				uk,
			);
			mainGroup = A878B4D226C3B93500BD74B0;
			productRefGroup = A878B4DC26C3B93500BD74B0 /* Products */;
			projectDirPath = "";
			projectRoot = "";
			targets = (
				A878B4DA26C3B93500BD74B0 /* NotesList */,
			);
		};
/* End PBXProject section */

/* Begin PBXResourcesBuildPhase section */
		A878B4D926C3B93500BD74B0 /* Resources */ = {
			isa = PBXResourcesBuildPhase;
			buildActionMask = 2147483647;
			files = (
				A878B51D26C3C61B00BD74B0 /* Localizable.strings in Resources */,
				A878B4EB26C3B93600BD74B0 /* LaunchScreen.storyboard in Resources */,
				A878B52A26C3C7B000BD74B0 /* RegistrationViewController.storyboard in Resources */,
				A878B4F426C3BFE300BD74B0 /* GoogleService-Info.plist in Resources */,
				A878B4E826C3B93600BD74B0 /* Assets.xcassets in Resources */,
				A878B55626C402B000BD74B0 /* LoginViewController.storyboard in Resources */,
				A878B4E626C3B93500BD74B0 /* Main.storyboard in Resources */,
			);
			runOnlyForDeploymentPostprocessing = 0;
		};
/* End PBXResourcesBuildPhase section */

/* Begin PBXShellScriptBuildPhase section */
		A878B4F226C3BAE400BD74B0 /* ShellScript */ = {
			isa = PBXShellScriptBuildPhase;
			buildActionMask = 2147483647;
			files = (
			);
			inputFileListPaths = (
			);
			inputPaths = (
			);
			outputFileListPaths = (
			);
			outputPaths = (
			);
			runOnlyForDeploymentPostprocessing = 0;
			shellPath = /bin/sh;
			shellScript = "
";
		};
		F60FD714B622C319E5643C0D /* [CP] Check Pods Manifest.lock */ = {
			isa = PBXShellScriptBuildPhase;
			buildActionMask = 2147483647;
			files = (
			);
			inputFileListPaths = (
			);
			inputPaths = (
				"${PODS_PODFILE_DIR_PATH}/Podfile.lock",
				"${PODS_ROOT}/Manifest.lock",
			);
			name = "[CP] Check Pods Manifest.lock";
			outputFileListPaths = (
			);
			outputPaths = (
				"$(DERIVED_FILE_DIR)/Pods-NotesList-checkManifestLockResult.txt",
			);
			runOnlyForDeploymentPostprocessing = 0;
			shellPath = /bin/sh;
			shellScript = "diff \"${PODS_PODFILE_DIR_PATH}/Podfile.lock\" \"${PODS_ROOT}/Manifest.lock\" > /dev/null\nif [ $? != 0 ] ; then\n    # print error to STDERR\n    echo \"error: The sandbox is not in sync with the Podfile.lock. Run 'pod install' or update your CocoaPods installation.\" >&2\n    exit 1\nfi\n# This output is used by Xcode 'outputs' to avoid re-running this script phase.\necho \"SUCCESS\" > \"${SCRIPT_OUTPUT_FILE_0}\"\n";
			showEnvVarsInLog = 0;
		};
		FF28523F341A7BEA8920B423 /* [CP] Embed Pods Frameworks */ = {
			isa = PBXShellScriptBuildPhase;
			buildActionMask = 2147483647;
			files = (
			);
			inputFileListPaths = (
				"${PODS_ROOT}/Target Support Files/Pods-NotesList/Pods-NotesList-frameworks-${CONFIGURATION}-input-files.xcfilelist",
			);
			name = "[CP] Embed Pods Frameworks";
			outputFileListPaths = (
				"${PODS_ROOT}/Target Support Files/Pods-NotesList/Pods-NotesList-frameworks-${CONFIGURATION}-output-files.xcfilelist",
			);
			runOnlyForDeploymentPostprocessing = 0;
			shellPath = /bin/sh;
			shellScript = "\"${PODS_ROOT}/Target Support Files/Pods-NotesList/Pods-NotesList-frameworks.sh\"\n";
			showEnvVarsInLog = 0;
		};
/* End PBXShellScriptBuildPhase section */

/* Begin PBXSourcesBuildPhase section */
		A878B4D726C3B93500BD74B0 /* Sources */ = {
			isa = PBXSourcesBuildPhase;
			buildActionMask = 2147483647;
			files = (
				A878B55A26C4031D00BD74B0 /* LoginAssemblyContainer.swift in Sources */,
				A878B51726C3C55D00BD74B0 /* Extensions+String.swift in Sources */,
				A878B55E26C4039100BD74B0 /* LoginViewModel.swift in Sources */,
				A878B56026C4039900BD74B0 /* LoginViewModelImp.swift in Sources */,
				A878B54826C3E00500BD74B0 /* RegistrationServiceImp.swift in Sources */,
				A878B56726C40B1E00BD74B0 /* LoginServiceAssemblyContainer.swift in Sources */,
				A878B50526C3C3E900BD74B0 /* Router.swift in Sources */,
				A878B51026C3C47300BD74B0 /* MainCoordinator.swift in Sources */,
				A878B4DF26C3B93500BD74B0 /* AppDelegate.swift in Sources */,
				A878B53026C3C7EA00BD74B0 /* RegistrationViewModelImp.swift in Sources */,
				A878B52826C3C7A100BD74B0 /* RegistrationViewController.swift in Sources */,
				A878B53526C3D7EB00BD74B0 /* UIButton.swift in Sources */,
				A878B54C26C4012500BD74B0 /* ValidatorType.swift in Sources */,
				A878B54A26C3E02F00BD74B0 /* RegistrationServiceAssemblyContainer.swift in Sources */,
				A878B55C26C4036900BD74B0 /* LoginViewModelOutput.swift in Sources */,
				A878B53D26C3DAB700BD74B0 /* ValidationError.swift in Sources */,
				A878B54326C3DD5100BD74B0 /* Extension+UIViewController.swift in Sources */,
				A878B56E26C41CC900BD74B0 /* UserKeys.swift in Sources */,
				A878B50226C3C3C100BD74B0 /* StoryboardLoadable.swift in Sources */,
				A878B52C26C3C7C900BD74B0 /* RegistrationAssemblyContainer.swift in Sources */,
				A878B53926C3DA0B00BD74B0 /* ValidatorServiceImp.swift in Sources */,
				A878B4FE26C3C39E00BD74B0 /* Coordinator.swift in Sources */,
				A878B53B26C3DA1600BD74B0 /* ValidatorService.swift in Sources */,
				A878B54626C3DFFD00BD74B0 /* RegistrationService.swift in Sources */,
				A878B55826C402BD00BD74B0 /* LoginViewController.swift in Sources */,
				A878B50A26C3C42F00BD74B0 /* ApplicationCoordinator.swift in Sources */,
				A878B51226C3C48700BD74B0 /* MainCoordinatorAssembly.swift in Sources */,
				A878B4E126C3B93500BD74B0 /* SceneDelegate.swift in Sources */,
				A878B53226C3C83500BD74B0 /* RegistrationViewModelOutput.swift in Sources */,
				A878B56A26C41BFD00BD74B0 /* UserDefaultsHelper.swift in Sources */,
				A878B56326C40AFA00BD74B0 /* LoginService.swift in Sources */,
				A878B56526C40B0500BD74B0 /* LoginServiceImp.swift in Sources */,
				A878B54126C3DD1100BD74B0 /* UserRegistrationData.swift in Sources */,
				A878B50C26C3C44E00BD74B0 /* ApplicationCoordinatorAssembly.swift in Sources */,
				A878B50726C3C3F600BD74B0 /* RouterImp.swift in Sources */,
				A878B52E26C3C7DF00BD74B0 /* RegistrationViewModel.swift in Sources */,
				A878B4FB26C3C38300BD74B0 /* BaseCoordinator.swift in Sources */,
				A878B53F26C3DBD300BD74B0 /* Extension+UITextField.swift in Sources */,
				A878B50026C3C3AB00BD74B0 /* Presentable.swift in Sources */,
			);
			runOnlyForDeploymentPostprocessing = 0;
		};
/* End PBXSourcesBuildPhase section */

/* Begin PBXVariantGroup section */
		A878B4E426C3B93500BD74B0 /* Main.storyboard */ = {
			isa = PBXVariantGroup;
			children = (
				A878B4E526C3B93500BD74B0 /* Base */,
				A878B51826C3C57A00BD74B0 /* uk */,
			);
			name = Main.storyboard;
			sourceTree = "<group>";
		};
		A878B4E926C3B93600BD74B0 /* LaunchScreen.storyboard */ = {
			isa = PBXVariantGroup;
			children = (
				A878B4EA26C3B93600BD74B0 /* Base */,
				A878B51926C3C57E00BD74B0 /* uk */,
			);
			name = LaunchScreen.storyboard;
			sourceTree = "<group>";
		};
		A878B51F26C3C61B00BD74B0 /* Localizable.strings */ = {
			isa = PBXVariantGroup;
			children = (
				A878B51E26C3C61B00BD74B0 /* uk */,
				A878B52026C3C61F00BD74B0 /* en */,
			);
			name = Localizable.strings;
			sourceTree = "<group>";
		};
/* End PBXVariantGroup section */

/* Begin XCBuildConfiguration section */
		A878B4ED26C3B93600BD74B0 /* Debug */ = {
			isa = XCBuildConfiguration;
			buildSettings = {
				ALWAYS_SEARCH_USER_PATHS = NO;
				CLANG_ANALYZER_LOCALIZABILITY_NONLOCALIZED = YES;
				CLANG_ANALYZER_NONNULL = YES;
				CLANG_ANALYZER_NUMBER_OBJECT_CONVERSION = YES_AGGRESSIVE;
				CLANG_CXX_LANGUAGE_STANDARD = "gnu++14";
				CLANG_CXX_LIBRARY = "libc++";
				CLANG_ENABLE_MODULES = YES;
				CLANG_ENABLE_OBJC_ARC = YES;
				CLANG_ENABLE_OBJC_WEAK = YES;
				CLANG_WARN_BLOCK_CAPTURE_AUTORELEASING = YES;
				CLANG_WARN_BOOL_CONVERSION = YES;
				CLANG_WARN_COMMA = YES;
				CLANG_WARN_CONSTANT_CONVERSION = YES;
				CLANG_WARN_DEPRECATED_OBJC_IMPLEMENTATIONS = YES;
				CLANG_WARN_DIRECT_OBJC_ISA_USAGE = YES_ERROR;
				CLANG_WARN_DOCUMENTATION_COMMENTS = YES;
				CLANG_WARN_EMPTY_BODY = YES;
				CLANG_WARN_ENUM_CONVERSION = YES;
				CLANG_WARN_INFINITE_RECURSION = YES;
				CLANG_WARN_INT_CONVERSION = YES;
				CLANG_WARN_NON_LITERAL_NULL_CONVERSION = YES;
				CLANG_WARN_OBJC_IMPLICIT_RETAIN_SELF = YES;
				CLANG_WARN_OBJC_LITERAL_CONVERSION = YES;
				CLANG_WARN_OBJC_ROOT_CLASS = YES_ERROR;
				CLANG_WARN_QUOTED_INCLUDE_IN_FRAMEWORK_HEADER = YES;
				CLANG_WARN_RANGE_LOOP_ANALYSIS = YES;
				CLANG_WARN_STRICT_PROTOTYPES = YES;
				CLANG_WARN_SUSPICIOUS_MOVE = YES;
				CLANG_WARN_UNGUARDED_AVAILABILITY = YES_AGGRESSIVE;
				CLANG_WARN_UNREACHABLE_CODE = YES;
				CLANG_WARN__DUPLICATE_METHOD_MATCH = YES;
				COPY_PHASE_STRIP = NO;
				DEBUG_INFORMATION_FORMAT = dwarf;
				ENABLE_STRICT_OBJC_MSGSEND = YES;
				ENABLE_TESTABILITY = YES;
				GCC_C_LANGUAGE_STANDARD = gnu11;
				GCC_DYNAMIC_NO_PIC = NO;
				GCC_NO_COMMON_BLOCKS = YES;
				GCC_OPTIMIZATION_LEVEL = 0;
				GCC_PREPROCESSOR_DEFINITIONS = (
					"DEBUG=1",
					"$(inherited)",
				);
				GCC_WARN_64_TO_32_BIT_CONVERSION = YES;
				GCC_WARN_ABOUT_RETURN_TYPE = YES_ERROR;
				GCC_WARN_UNDECLARED_SELECTOR = YES;
				GCC_WARN_UNINITIALIZED_AUTOS = YES_AGGRESSIVE;
				GCC_WARN_UNUSED_FUNCTION = YES;
				GCC_WARN_UNUSED_VARIABLE = YES;
				IPHONEOS_DEPLOYMENT_TARGET = 14.5;
				MTL_ENABLE_DEBUG_INFO = INCLUDE_SOURCE;
				MTL_FAST_MATH = YES;
				ONLY_ACTIVE_ARCH = YES;
				SDKROOT = iphoneos;
				SWIFT_ACTIVE_COMPILATION_CONDITIONS = DEBUG;
				SWIFT_OPTIMIZATION_LEVEL = "-Onone";
			};
			name = Debug;
		};
		A878B4EE26C3B93600BD74B0 /* Release */ = {
			isa = XCBuildConfiguration;
			buildSettings = {
				ALWAYS_SEARCH_USER_PATHS = NO;
				CLANG_ANALYZER_LOCALIZABILITY_NONLOCALIZED = YES;
				CLANG_ANALYZER_NONNULL = YES;
				CLANG_ANALYZER_NUMBER_OBJECT_CONVERSION = YES_AGGRESSIVE;
				CLANG_CXX_LANGUAGE_STANDARD = "gnu++14";
				CLANG_CXX_LIBRARY = "libc++";
				CLANG_ENABLE_MODULES = YES;
				CLANG_ENABLE_OBJC_ARC = YES;
				CLANG_ENABLE_OBJC_WEAK = YES;
				CLANG_WARN_BLOCK_CAPTURE_AUTORELEASING = YES;
				CLANG_WARN_BOOL_CONVERSION = YES;
				CLANG_WARN_COMMA = YES;
				CLANG_WARN_CONSTANT_CONVERSION = YES;
				CLANG_WARN_DEPRECATED_OBJC_IMPLEMENTATIONS = YES;
				CLANG_WARN_DIRECT_OBJC_ISA_USAGE = YES_ERROR;
				CLANG_WARN_DOCUMENTATION_COMMENTS = YES;
				CLANG_WARN_EMPTY_BODY = YES;
				CLANG_WARN_ENUM_CONVERSION = YES;
				CLANG_WARN_INFINITE_RECURSION = YES;
				CLANG_WARN_INT_CONVERSION = YES;
				CLANG_WARN_NON_LITERAL_NULL_CONVERSION = YES;
				CLANG_WARN_OBJC_IMPLICIT_RETAIN_SELF = YES;
				CLANG_WARN_OBJC_LITERAL_CONVERSION = YES;
				CLANG_WARN_OBJC_ROOT_CLASS = YES_ERROR;
				CLANG_WARN_QUOTED_INCLUDE_IN_FRAMEWORK_HEADER = YES;
				CLANG_WARN_RANGE_LOOP_ANALYSIS = YES;
				CLANG_WARN_STRICT_PROTOTYPES = YES;
				CLANG_WARN_SUSPICIOUS_MOVE = YES;
				CLANG_WARN_UNGUARDED_AVAILABILITY = YES_AGGRESSIVE;
				CLANG_WARN_UNREACHABLE_CODE = YES;
				CLANG_WARN__DUPLICATE_METHOD_MATCH = YES;
				COPY_PHASE_STRIP = NO;
				DEBUG_INFORMATION_FORMAT = "dwarf-with-dsym";
				ENABLE_NS_ASSERTIONS = NO;
				ENABLE_STRICT_OBJC_MSGSEND = YES;
				GCC_C_LANGUAGE_STANDARD = gnu11;
				GCC_NO_COMMON_BLOCKS = YES;
				GCC_WARN_64_TO_32_BIT_CONVERSION = YES;
				GCC_WARN_ABOUT_RETURN_TYPE = YES_ERROR;
				GCC_WARN_UNDECLARED_SELECTOR = YES;
				GCC_WARN_UNINITIALIZED_AUTOS = YES_AGGRESSIVE;
				GCC_WARN_UNUSED_FUNCTION = YES;
				GCC_WARN_UNUSED_VARIABLE = YES;
				IPHONEOS_DEPLOYMENT_TARGET = 14.5;
				MTL_ENABLE_DEBUG_INFO = NO;
				MTL_FAST_MATH = YES;
				SDKROOT = iphoneos;
				SWIFT_COMPILATION_MODE = wholemodule;
				SWIFT_OPTIMIZATION_LEVEL = "-O";
				VALIDATE_PRODUCT = YES;
			};
			name = Release;
		};
		A878B4F026C3B93600BD74B0 /* Debug */ = {
			isa = XCBuildConfiguration;
			baseConfigurationReference = 5A20D131CFECB5184B34D91D /* Pods-NotesList.debug.xcconfig */;
			buildSettings = {
				ASSETCATALOG_COMPILER_APPICON_NAME = AppIcon;
				ASSETCATALOG_COMPILER_GLOBAL_ACCENT_COLOR_NAME = AccentColor;
				CODE_SIGN_STYLE = Automatic;
				DEVELOPMENT_TEAM = YQ77VQM8J8;
				INFOPLIST_FILE = NotesList/Info.plist;
				LD_RUNPATH_SEARCH_PATHS = (
					"$(inherited)",
					"@executable_path/Frameworks",
				);
				PRODUCT_BUNDLE_IDENTIFIER = com.test.NotesList;
				PRODUCT_NAME = "$(TARGET_NAME)";
				SWIFT_VERSION = 5.0;
				TARGETED_DEVICE_FAMILY = "1,2";
			};
			name = Debug;
		};
		A878B4F126C3B93600BD74B0 /* Release */ = {
			isa = XCBuildConfiguration;
			baseConfigurationReference = E93AFEBCAC21E4BAE1E82D62 /* Pods-NotesList.release.xcconfig */;
			buildSettings = {
				ASSETCATALOG_COMPILER_APPICON_NAME = AppIcon;
				ASSETCATALOG_COMPILER_GLOBAL_ACCENT_COLOR_NAME = AccentColor;
				CODE_SIGN_STYLE = Automatic;
				DEVELOPMENT_TEAM = YQ77VQM8J8;
				INFOPLIST_FILE = NotesList/Info.plist;
				LD_RUNPATH_SEARCH_PATHS = (
					"$(inherited)",
					"@executable_path/Frameworks",
				);
				PRODUCT_BUNDLE_IDENTIFIER = com.test.NotesList;
				PRODUCT_NAME = "$(TARGET_NAME)";
				SWIFT_VERSION = 5.0;
				TARGETED_DEVICE_FAMILY = "1,2";
			};
			name = Release;
		};
/* End XCBuildConfiguration section */

/* Begin XCConfigurationList section */
		A878B4D626C3B93500BD74B0 /* Build configuration list for PBXProject "NotesList" */ = {
			isa = XCConfigurationList;
			buildConfigurations = (
				A878B4ED26C3B93600BD74B0 /* Debug */,
				A878B4EE26C3B93600BD74B0 /* Release */,
			);
			defaultConfigurationIsVisible = 0;
			defaultConfigurationName = Release;
		};
		A878B4EF26C3B93600BD74B0 /* Build configuration list for PBXNativeTarget "NotesList" */ = {
			isa = XCConfigurationList;
			buildConfigurations = (
				A878B4F026C3B93600BD74B0 /* Debug */,
				A878B4F126C3B93600BD74B0 /* Release */,
			);
			defaultConfigurationIsVisible = 0;
			defaultConfigurationName = Release;
		};
/* End XCConfigurationList section */
	};
	rootObject = A878B4D326C3B93500BD74B0 /* Project object */;
}
